
Microsoft Visual Studio Solution File, Format Version 12.00
# Visual Studio Version 17
VisualStudioVersion = 17.1.32328.378
MinimumVisualStudioVersion = 10.0.40219.1
Project("{F184B08F-C81C-45F6-A57F-5ABD9991F28F}") = "ntav2009", "ntav2009\ntav2009.vbproj", "{068B76B7-015F-4601-BD05-1F67C69B0F4F}"
EndProject
Global
	GlobalSection(SolutionConfigurationPlatforms) = preSolution
		Debug|Any CPU = Debug|Any CPU
		Release|Any CPU = Release|Any CPU
	EndGlobalSection
	GlobalSection(ProjectConfigurationPlatforms) = postSolution
		{068B76B7-015F-4601-BD05-1F67C69B0F4F}.Debug|Any CPU.ActiveCfg = Debug|Any CPU
		{068B76B7-015F-4601-BD05-1F67C69B0F4F}.Debug|Any CPU.Build.0 = Debug|Any CPU
		{068B76B7-015F-4601-BD05-1F67C69B0F4F}.Release|Any CPU.ActiveCfg = Release|Any CPU
		{068B76B7-015F-4601-BD05-1F67C69B0F4F}.Release|Any CPU.Build.0 = Release|Any CPU
	EndGlobalSection
	GlobalSection(SolutionProperties) = preSolution
		HideSolutionNode = FALSE
	EndGlobalSection
	GlobalSection(ExtensibilityGlobals) = postSolution
		SolutionGuid = {DD129D54-6461-4CA6-8707-CF1ED0CD955C}
	EndGlobalSection
EndGlobal
